
Microsoft Visual Studio Solution File, Format Version 12.00
# Visual Studio Version 16
VisualStudioVersion = 16.0.29519.181
MinimumVisualStudioVersion = 10.0.40219.1
Project("{FAE04EC0-301F-11D3-BF4B-00C04F79EFBC}") = "AsyncAwait2", "AsyncAwait2\AsyncAwait2.csproj", "{02CC461D-2D63-4375-80B6-1BB825CDEB78}"
EndProject
Global
	GlobalSection(SolutionConfigurationPlatforms) = preSolution
		Debug|Any CPU = Debug|Any CPU
		Release|Any CPU = Release|Any CPU
	EndGlobalSection
	GlobalSection(ProjectConfigurationPlatforms) = postSolution
		{02CC461D-2D63-4375-80B6-1BB825CDEB78}.Debug|Any CPU.ActiveCfg = Debug|Any CPU
		{02CC461D-2D63-4375-80B6-1BB825CDEB78}.Debug|Any CPU.Build.0 = Debug|Any CPU
		{02CC461D-2D63-4375-80B6-1BB825CDEB78}.Release|Any CPU.ActiveCfg = Release|Any CPU
		{02CC461D-2D63-4375-80B6-1BB825CDEB78}.Release|Any CPU.Build.0 = Release|Any CPU
	EndGlobalSection
	GlobalSection(SolutionProperties) = preSolution
		HideSolutionNode = FALSE
	EndGlobalSection
	GlobalSection(ExtensibilityGlobals) = postSolution
		SolutionGuid = {3D4CE502-A866-4794-A8A3-717FC28563D3}
	EndGlobalSection
EndGlobal
